# This file is autogenerated, do not edit; changes may be undone by the next 'dep ensure'.


[[projects]]
  branch = "master"
  name = "github.com/RouterScript/SOCKSProxy"
  packages = ["."]
  revision = "c6abfe6bb0fd0cd183ecf601c85f07f60f354457"

[solve-meta]
  analyzer-name = "dep"
  analyzer-version = 1
  inputs-digest = "22972593d696b4dbad6cc04fe073ef2c7e23db17a2039c4f37eab9f183abc460"
  solver-name = "gps-cdcl"
  solver-version = 1
